
Microsoft Visual Studio Solution File, Format Version 12.00
# Visual Studio Version 17
VisualStudioVersion = 17.2.32616.157
MinimumVisualStudioVersion = 10.0.40219.1
Project("{FAE04EC0-301F-11D3-BF4B-00C04F79EFBC}") = "Spotifive", "Spotifive.csproj", "{5C75880A-D4EC-4827-BA9E-B630714102E4}"
EndProject
Global
	GlobalSection(SolutionConfigurationPlatforms) = preSolution
		Debug|Any CPU = Debug|Any CPU
		Release|Any CPU = Release|Any CPU
	EndGlobalSection
	GlobalSection(ProjectConfigurationPlatforms) = postSolution
		{5C75880A-D4EC-4827-BA9E-B630714102E4}.Debug|Any CPU.ActiveCfg = Debug|Any CPU
		{5C75880A-D4EC-4827-BA9E-B630714102E4}.Debug|Any CPU.Build.0 = Debug|Any CPU
		{5C75880A-D4EC-4827-BA9E-B630714102E4}.Release|Any CPU.ActiveCfg = Release|Any CPU
		{5C75880A-D4EC-4827-BA9E-B630714102E4}.Release|Any CPU.Build.0 = Release|Any CPU
	EndGlobalSection
	GlobalSection(SolutionProperties) = preSolution
		HideSolutionNode = FALSE
	EndGlobalSection
	GlobalSection(ExtensibilityGlobals) = postSolution
		SolutionGuid = {1E1DA656-A314-4040-9B16-000F303107A1}
	EndGlobalSection
EndGlobal
